
Microsoft Visual Studio Solution File, Format Version 12.00
# Visual Studio Version 17
VisualStudioVersion = 17.14.36717.8
MinimumVisualStudioVersion = 10.0.40219.1
Project("{9A19103F-16F7-4668-BE54-9A1E7A4F7556}") = "OnlineBookStore", "OnlineBookStore.csproj", "{71BD4F7D-F9E6-4313-A63D-56FE8D8E28DA}"
EndProject
Project("{FAE04EC0-301F-11D3-BF4B-00C04F79EFBC}") = "OnlineBookStore.Test", "..\OnlineBookStore.Test\OnlineBookStore.Test.csproj", "{43A856D0-D9CB-4BAF-B120-CBD0A2354956}"
EndProject
Global
	GlobalSection(SolutionConfigurationPlatforms) = preSolution
		Debug|Any CPU = Debug|Any CPU
		Release|Any CPU = Release|Any CPU
	EndGlobalSection
	GlobalSection(ProjectConfigurationPlatforms) = postSolution
		{71BD4F7D-F9E6-4313-A63D-56FE8D8E28DA}.Debug|Any CPU.ActiveCfg = Debug|Any CPU
		{71BD4F7D-F9E6-4313-A63D-56FE8D8E28DA}.Debug|Any CPU.Build.0 = Debug|Any CPU
		{71BD4F7D-F9E6-4313-A63D-56FE8D8E28DA}.Release|Any CPU.ActiveCfg = Release|Any CPU
		{71BD4F7D-F9E6-4313-A63D-56FE8D8E28DA}.Release|Any CPU.Build.0 = Release|Any CPU
		{43A856D0-D9CB-4BAF-B120-CBD0A2354956}.Debug|Any CPU.ActiveCfg = Debug|Any CPU
		{43A856D0-D9CB-4BAF-B120-CBD0A2354956}.Debug|Any CPU.Build.0 = Debug|Any CPU
		{43A856D0-D9CB-4BAF-B120-CBD0A2354956}.Release|Any CPU.ActiveCfg = Release|Any CPU
		{43A856D0-D9CB-4BAF-B120-CBD0A2354956}.Release|Any CPU.Build.0 = Release|Any CPU
	EndGlobalSection
	GlobalSection(SolutionProperties) = preSolution
		HideSolutionNode = FALSE
	EndGlobalSection
	GlobalSection(ExtensibilityGlobals) = postSolution
		SolutionGuid = {AEE06775-E8D6-41F5-9F85-D2C1B6561C29}
	EndGlobalSection
EndGlobal
